
Microsoft Visual Studio Solution File, Format Version 12.00
# Visual Studio Version 16
VisualStudioVersion = 16.0.31105.61
MinimumVisualStudioVersion = 10.0.40219.1
Project("{9A19103F-16F7-4668-BE54-9A1E7A4F7556}") = "HealthCheck", "HealthCheck.csproj", "{76D2EA7D-C956-4B41-B7C5-094A476F10F0}"
EndProject
Global
	GlobalSection(SolutionConfigurationPlatforms) = preSolution
		Debug|Any CPU = Debug|Any CPU
		Release|Any CPU = Release|Any CPU
	EndGlobalSection
	GlobalSection(ProjectConfigurationPlatforms) = postSolution
		{76D2EA7D-C956-4B41-B7C5-094A476F10F0}.Debug|Any CPU.ActiveCfg = Debug|Any CPU
		{76D2EA7D-C956-4B41-B7C5-094A476F10F0}.Debug|Any CPU.Build.0 = Debug|Any CPU
		{76D2EA7D-C956-4B41-B7C5-094A476F10F0}.Release|Any CPU.ActiveCfg = Release|Any CPU
		{76D2EA7D-C956-4B41-B7C5-094A476F10F0}.Release|Any CPU.Build.0 = Release|Any CPU
	EndGlobalSection
	GlobalSection(SolutionProperties) = preSolution
		HideSolutionNode = FALSE
	EndGlobalSection
	GlobalSection(ExtensibilityGlobals) = postSolution
		SolutionGuid = {9838F2E9-F247-4F5F-A57D-085060A21E04}
	EndGlobalSection
EndGlobal
